<?xml version="1.0" encoding="utf-8"?>
<Project ToolsVersion="4.0" xmlns="http://schemas.microsoft.com/developer/msbuild/2003">
  <ItemGroup>
    <Filter Include="Source Files">
      <UniqueIdentifier>{4FC737F1-C7A5-4376-A066-2A32D752A2FF}</UniqueIdentifier>
      <Extensions>cpp;c;cxx</Extensions>
    </Filter>
    <Filter Include="Header Files">
      <UniqueIdentifier>{93995380-89BD-4b04-88EB-625FBE52EBFB}</UniqueIdentifier>
      <Extensions>h;hpp</Extensions>
    </Filter>
    <Filter Include="Resource Files">
      <UniqueIdentifier>{67DA6AB6-F800-4c08-8B7A-83BB121AAD01}</UniqueIdentifier>
      <Extensions>rc;ico;manifest</Extensions>
    </Filter>
    <Filter Include="Resource Files\icons">
      <UniqueIdentifier>{9F1A1C2E-6F0F-4E9B-9E9E-7B1D1B2C3A11}</UniqueIdentifier>
    </Filter>
  </ItemGroup>

  <ItemGroup>
    <ClCompile Include="main.cpp"><Filter>Source Files</Filter></ClCompile>
    <ClCompile Include="App.cpp"><Filter>Source Files</Filter></ClCompile>
    <ClCompile Include="Desktop.cpp"><Filter>Source Files</Filter></ClCompile>
    <ClCompile Include="VideoPlayer.cpp"><Filter>Source Files</Filter></ClCompile>
    <ClCompile Include="Tray.cpp"><Filter>Source Files</Filter></ClCompile>
    <ClCompile Include="Utilities.cpp"><Filter>Source Files</Filter></ClCompile>
  </ItemGroup>

  <ItemGroup>
    <ClInclude Include="App.h"><Filter>Header Files</Filter></ClInclude>
    <ClInclude Include="Desktop.h"><Filter>Header Files</Filter></ClInclude>
    <ClInclude Include="VideoPlayer.h"><Filter>Header Files</Filter></ClInclude>
    <ClInclude Include="Tray.h"><Filter>Header Files</Filter></ClInclude>
    <ClInclude Include="Utilities.h"><Filter>Header Files</Filter></ClInclude>
    <ClInclude Include="resource.h"><Filter>Header Files</Filter></ClInclude>
  </ItemGroup>

  <ItemGroup>
    <ResourceCompile Include="resource.rc"><Filter>Resource Files</Filter></ResourceCompile>
  </ItemGroup>

  <ItemGroup>
    <Image Include="icons\app.ico"><Filter>Resource Files\icons</Filter></Image>
    <Image Include="icons\tray.ico"><Filter>Resource Files\icons</Filter></Image>
  </ItemGroup>

  <ItemGroup>
    <None Include="app.manifest"><Filter>Resource Files</Filter></None>
    <None Include="README.md" />
  </ItemGroup>
</Project>
